
Microsoft Visual Studio Solution File, Format Version 12.00
# Visual Studio Version 17
VisualStudioVersion = 17.3.32811.315
MinimumVisualStudioVersion = 10.0.40219.1
Project("{FAE04EC0-301F-11D3-BF4B-00C04F79EFBC}") = "SerilogDemo", "SerilogDemo\SerilogDemo.csproj", "{BECA2CAA-8E0D-497B-A4F2-C32E6D248C5B}"
EndProject
Global
	GlobalSection(SolutionConfigurationPlatforms) = preSolution
		Debug|Any CPU = Debug|Any CPU
		Release|Any CPU = Release|Any CPU
	EndGlobalSection
	GlobalSection(ProjectConfigurationPlatforms) = postSolution
		{BECA2CAA-8E0D-497B-A4F2-C32E6D248C5B}.Debug|Any CPU.ActiveCfg = Debug|Any CPU
		{BECA2CAA-8E0D-497B-A4F2-C32E6D248C5B}.Debug|Any CPU.Build.0 = Debug|Any CPU
		{BECA2CAA-8E0D-497B-A4F2-C32E6D248C5B}.Release|Any CPU.ActiveCfg = Release|Any CPU
		{BECA2CAA-8E0D-497B-A4F2-C32E6D248C5B}.Release|Any CPU.Build.0 = Release|Any CPU
	EndGlobalSection
	GlobalSection(SolutionProperties) = preSolution
		HideSolutionNode = FALSE
	EndGlobalSection
	GlobalSection(ExtensibilityGlobals) = postSolution
		SolutionGuid = {99C94DF0-57C4-457D-AEC2-56CBFBF4F80C}
	EndGlobalSection
EndGlobal
